{
    "_readme": [
        "This file locks the dependencies of your project to a known state",
        "Read more about it at http://getcomposer.org/doc/01-basic-usage.md#composer-lock-the-lock-file",
        "This file is @generated automatically"
    ],
    "hash": "b323f9d4bc396c0d13d62a22916d3060",
    "packages": [
        {
            "name": "danielstjules/stringy",
            "version": "1.9.0",
            "source": {
                "type": "git",
                "url": "https://github.com/danielstjules/Stringy.git",
                "reference": "3cf18e9e424a6dedc38b7eb7ef580edb0929461b"
            },
            "dist": {
                "type": "zip",
                "url": "https://api.github.com/repos/danielstjules/Stringy/zipball/3cf18e9e424a6dedc38b7eb7ef580edb0929461b",
                "reference": "3cf18e9e424a6dedc38b7eb7ef580edb0929461b",
                "shasum": ""
            },
            "require": {
                "ext-mbstring": "*",
                "php": ">=5.3.0"
            },
            "require-dev": {
                "phpunit/phpunit": "~4.0"
            },
            "type": "library",
            "autoload": {
                "psr-4": {
                    "Stringy\\": "src/"
                },
                "files": [
                    "src/Create.php"
                ]
            },
            "notification-url": "https://packagist.org/downloads/",
            "license": [
                "MIT"
            ],
            "authors": [
                {
                    "name": "Daniel St. Jules",
                    "email": "danielst.jules@gmail.com",
                    "homepage": "http://www.danielstjules.com"
                }
            ],
            "description": "A string manipulation library with multibyte support",
            "homepage": "https://github.com/danielstjules/Stringy",
            "keywords": [
                "UTF",
                "helpers",
                "manipulation",
                "methods",
                "multibyte",
                "string",
                "utf-8",
                "utility",
                "utils"
            ],
            "time": "2015-02-10 06:19:18"
        },
        {
            "name": "doctrine/inflector",
            "version": "dev-master",
            "source": {
                "type": "git",
                "url": "https://github.com/doctrine/inflector.git",
                "reference": "e5eaf8c7ded0877195b5d2848491e17b1c0a6c4d"
            },
            "dist": {
                "type": "zip",
                "url": "https://api.github.com/repos/doctrine/inflector/zipball/e5eaf8c7ded0877195b5d2848491e17b1c0a6c4d",
                "reference": "e5eaf8c7ded0877195b5d2848491e17b1c0a6c4d",
                "shasum": ""
            },
            "require": {
                "php": ">=5.3.2"
            },
            "require-dev": {
                "phpunit/phpunit": "4.*"
            },
            "type": "library",
            "extra": {
                "branch-alias": {
                    "dev-master": "1.0.x-dev"
                }
            },
            "autoload": {
                "psr-0": {
                    "Doctrine\\Common\\Inflector\\": "lib/"
                }
            },
            "notification-url": "https://packagist.org/downloads/",
            "license": [
                "MIT"
            ],
            "authors": [
                {
                    "name": "Roman Borschel",
                    "email": "roman@code-factory.org"
                },
                {
                    "name": "Benjamin Eberlei",
                    "email": "kontakt@beberlei.de"
                },
                {
                    "name": "Guilherme Blanco",
                    "email": "guilhermeblanco@gmail.com"
                },
                {
                    "name": "Jonathan Wage",
                    "email": "jonwage@gmail.com"
                },
                {
                    "name": "Johannes Schmitt",
                    "email": "schmittjoh@gmail.com"
                }
            ],
            "description": "Common String Manipulations with regard to casing and singular/plural rules.",
            "homepage": "http://www.doctrine-project.org",
            "keywords": [
                "inflection",
                "pluralize",
                "singularize",
                "string"
            ],
            "time": "2015-01-01 18:34:57"
        },
        {
            "name": "guzzle/guzzle",
            "version": "dev-master",
            "source": {
                "type": "git",
                "url": "https://github.com/guzzle/guzzle3.git",
                "reference": "d898326a716f23fdd778942ea9404aeccbe16a46"
            },
            "dist": {
                "type": "zip",
                "url": "https://api.github.com/repos/guzzle/guzzle3/zipball/d898326a716f23fdd778942ea9404aeccbe16a46",
                "reference": "d898326a716f23fdd778942ea9404aeccbe16a46",
                "shasum": ""
            },
            "require": {
                "ext-curl": "*",
                "php": ">=5.3.3",
                "symfony/event-dispatcher": "~2.1"
            },
            "replace": {
                "guzzle/batch": "self.version",
                "guzzle/cache": "self.version",
                "guzzle/common": "self.version",
                "guzzle/http": "self.version",
                "guzzle/inflection": "self.version",
                "guzzle/iterator": "self.version",
                "guzzle/log": "self.version",
                "guzzle/parser": "self.version",
                "guzzle/plugin": "self.version",
                "guzzle/plugin-async": "self.version",
                "guzzle/plugin-backoff": "self.version",
                "guzzle/plugin-cache": "self.version",
                "guzzle/plugin-cookie": "self.version",
                "guzzle/plugin-curlauth": "self.version",
                "guzzle/plugin-error-response": "self.version",
                "guzzle/plugin-history": "self.version",
                "guzzle/plugin-log": "self.version",
                "guzzle/plugin-md5": "self.version",
                "guzzle/plugin-mock": "self.version",
                "guzzle/plugin-oauth": "self.version",
                "guzzle/service": "self.version",
                "guzzle/stream": "self.version"
            },
            "require-dev": {
                "doctrine/cache": "~1.3",
                "monolog/monolog": "~1.0",
                "phpunit/phpunit": "3.7.*",
                "psr/log": "~1.0",
                "symfony/class-loader": "~2.1",
                "zendframework/zend-cache": "2.*,<2.3",
                "zendframework/zend-log": "2.*,<2.3"
            },
            "suggest": {
                "guzzlehttp/guzzle": "Guzzle 5 has moved to a new package name. The package you have installed, Guzzle 3, is deprecated."
            },
            "type": "library",
            "extra": {
                "branch-alias": {
                    "dev-master": "3.9-dev"
                }
            },
            "autoload": {
                "psr-0": {
                    "Guzzle": "src/",
                    "Guzzle\\Tests": "tests/"
                }
            },
            "notification-url": "https://packagist.org/downloads/",
            "license": [
                "MIT"
            ],
            "authors": [
                {
                    "name": "Michael Dowling",
                    "email": "mtdowling@gmail.com",
                    "homepage": "https://github.com/mtdowling"
                },
                {
                    "name": "Guzzle Community",
                    "homepage": "https://github.com/guzzle/guzzle/contributors"
                }
            ],
            "description": "PHP HTTP client. This library is deprecated in favor of https://packagist.org/packages/guzzlehttp/guzzle",
            "homepage": "http://guzzlephp.org/",
            "keywords": [
                "client",
                "curl",
                "framework",
                "http",
                "http client",
                "rest",
                "web service"
            ],
            "time": "2015-01-28 21:05:25"
        },
        {
            "name": "guzzlehttp/guzzle",
            "version": "5.2.0",
            "source": {
                "type": "git",
                "url": "https://github.com/guzzle/guzzle.git",
                "reference": "475b29ccd411f2fa8a408e64576418728c032cfa"
            },
            "dist": {
                "type": "zip",
                "url": "https://api.github.com/repos/guzzle/guzzle/zipball/475b29ccd411f2fa8a408e64576418728c032cfa",
                "reference": "475b29ccd411f2fa8a408e64576418728c032cfa",
                "shasum": ""
            },
            "require": {
                "guzzlehttp/ringphp": "~1.0",
                "php": ">=5.4.0"
            },
            "require-dev": {
                "ext-curl": "*",
                "phpunit/phpunit": "~4.0",
                "psr/log": "~1.0"
            },
            "type": "library",
            "extra": {
                "branch-alias": {
                    "dev-master": "5.0-dev"
                }
            },
            "autoload": {
                "psr-4": {
                    "GuzzleHttp\\": "src/"
                }
            },
            "notification-url": "https://packagist.org/downloads/",
            "license": [
                "MIT"
            ],
            "authors": [
                {
                    "name": "Michael Dowling",
                    "email": "mtdowling@gmail.com",
                    "homepage": "https://github.com/mtdowling"
                }
            ],
            "description": "Guzzle is a PHP HTTP client library and framework for building RESTful web service clients",
            "homepage": "http://guzzlephp.org/",
            "keywords": [
                "client",
                "curl",
                "framework",
                "http",
                "http client",
                "rest",
                "web service"
            ],
            "time": "2015-01-28 01:03:29"
        },
        {
            "name": "guzzlehttp/ringphp",
            "version": "dev-master",
            "source": {
                "type": "git",
                "url": "https://github.com/guzzle/RingPHP.git",
                "reference": "c2397220e1c89a84e4776af71e53eeb30193fd03"
            },
            "dist": {
                "type": "zip",
                "url": "https://api.github.com/repos/guzzle/RingPHP/zipball/c2397220e1c89a84e4776af71e53eeb30193fd03",
                "reference": "c2397220e1c89a84e4776af71e53eeb30193fd03",
                "shasum": ""
            },
            "require": {
                "guzzlehttp/streams": "~3.0",
                "php": ">=5.4.0",
                "react/promise": "~2.0"
            },
            "require-dev": {
                "ext-curl": "*",
                "phpunit/phpunit": "~4.0"
            },
            "suggest": {
                "ext-curl": "Guzzle will use specific adapters if cURL is present"
            },
            "type": "library",
            "extra": {
                "branch-alias": {
                    "dev-master": "1.0-dev"
                }
            },
            "autoload": {
                "psr-4": {
                    "GuzzleHttp\\Ring\\": "src/"
                }
            },
            "notification-url": "https://packagist.org/downloads/",
            "license": [
                "MIT"
            ],
            "authors": [
                {
                    "name": "Michael Dowling",
                    "email": "mtdowling@gmail.com",
                    "homepage": "https://github.com/mtdowling"
                }
            ],
            "description": "Provides a simple API and specification that abstracts away the details of HTTP into a single PHP function.",
            "time": "2015-02-26 22:31:51"
        },
        {
            "name": "guzzlehttp/streams",
            "version": "dev-master",
            "source": {
                "type": "git",
                "url": "https://github.com/guzzle/streams.git",
                "reference": "d1f8a6c55f0f753cfd6f6755856473eb02cedb19"
            },
            "dist": {
                "type": "zip",
                "url": "https://api.github.com/repos/guzzle/streams/zipball/d1f8a6c55f0f753cfd6f6755856473eb02cedb19",
                "reference": "d1f8a6c55f0f753cfd6f6755856473eb02cedb19",
                "shasum": ""
            },
            "require": {
                "php": ">=5.4.0"
            },
            "require-dev": {
                "phpunit/phpunit": "~4.0"
            },
            "type": "library",
            "extra": {
                "branch-alias": {
                    "dev-master": "3.0-dev"
                }
            },
            "autoload": {
                "psr-4": {
                    "GuzzleHttp\\Stream\\": "src/"
                }
            },
            "notification-url": "https://packagist.org/downloads/",
            "license": [
                "MIT"
            ],
            "authors": [
                {
                    "name": "Michael Dowling",
                    "email": "mtdowling@gmail.com",
                    "homepage": "https://github.com/mtdowling"
                }
            ],
            "description": "Provides a simple abstraction over streams of data",
            "homepage": "http://guzzlephp.org/",
            "keywords": [
                "Guzzle",
                "stream"
            ],
            "time": "2015-01-22 00:01:34"
        },
        {
            "name": "illuminate/contracts",
            "version": "dev-master",
            "source": {
                "type": "git",
                "url": "https://github.com/illuminate/contracts.git",
                "reference": "66c7ad3c216bde8d4a130ff5fee9e7fa6a855b21"
            },
            "dist": {
                "type": "zip",
                "url": "https://api.github.com/repos/illuminate/contracts/zipball/66c7ad3c216bde8d4a130ff5fee9e7fa6a855b21",
                "reference": "66c7ad3c216bde8d4a130ff5fee9e7fa6a855b21",
                "shasum": ""
            },
            "require": {
                "php": ">=5.4.0"
            },
            "type": "library",
            "extra": {
                "branch-alias": {
                    "dev-master": "5.1-dev"
                }
            },
            "autoload": {
                "psr-4": {
                    "Illuminate\\Contracts\\": ""
                }
            },
            "notification-url": "https://packagist.org/downloads/",
            "license": [
                "MIT"
            ],
            "authors": [
                {
                    "name": "Taylor Otwell",
                    "email": "taylorotwell@gmail.com"
                }
            ],
            "description": "The Illuminate Contracts package.",
            "homepage": "http://laravel.com",
            "time": "2015-03-11 01:28:14"
        },
        {
            "name": "illuminate/http",
            "version": "dev-master",
            "source": {
                "type": "git",
                "url": "https://github.com/illuminate/http.git",
                "reference": "2c38b42337472267034ac1f782a3aa8620de154c"
            },
            "dist": {
                "type": "zip",
                "url": "https://api.github.com/repos/illuminate/http/zipball/2c38b42337472267034ac1f782a3aa8620de154c",
                "reference": "2c38b42337472267034ac1f782a3aa8620de154c",
                "shasum": ""
            },
            "require": {
                "illuminate/session": "5.1.*",
                "illuminate/support": "5.1.*",
                "php": ">=5.4.0",
                "symfony/http-foundation": "2.7.*",
                "symfony/http-kernel": "2.7.*"
            },
            "type": "library",
            "extra": {
                "branch-alias": {
                    "dev-master": "5.1-dev"
                }
            },
            "autoload": {
                "psr-4": {
                    "Illuminate\\Http\\": ""
                }
            },
            "notification-url": "https://packagist.org/downloads/",
            "license": [
                "MIT"
            ],
            "authors": [
                {
                    "name": "Taylor Otwell",
                    "email": "taylorotwell@gmail.com"
                }
            ],
            "description": "The Illuminate Http package.",
            "homepage": "http://laravel.com",
            "time": "2015-03-11 01:28:14"
        },
        {
            "name": "illuminate/session",
            "version": "dev-master",
            "source": {
                "type": "git",
                "url": "https://github.com/illuminate/session.git",
                "reference": "c7eda024d6e7b950ae89de41418b3304d5529f8d"
            },
            "dist": {
                "type": "zip",
                "url": "https://api.github.com/repos/illuminate/session/zipball/c7eda024d6e7b950ae89de41418b3304d5529f8d",
                "reference": "c7eda024d6e7b950ae89de41418b3304d5529f8d",
                "shasum": ""
            },
            "require": {
                "illuminate/contracts": "5.1.*",
                "illuminate/support": "5.1.*",
                "nesbot/carbon": "~1.0",
                "php": ">=5.4.0",
                "symfony/finder": "2.7.*",
                "symfony/http-foundation": "2.7.*"
            },
            "suggest": {
                "illuminate/console": "Required to use the session:table command (5.1.*)."
            },
            "type": "library",
            "extra": {
                "branch-alias": {
                    "dev-master": "5.1-dev"
                }
            },
            "autoload": {
                "psr-4": {
                    "Illuminate\\Session\\": ""
                }
            },
            "notification-url": "https://packagist.org/downloads/",
            "license": [
                "MIT"
            ],
            "authors": [
                {
                    "name": "Taylor Otwell",
                    "email": "taylorotwell@gmail.com"
                }
            ],
            "description": "The Illuminate Session package.",
            "homepage": "http://laravel.com",
            "time": "2015-03-11 01:28:14"
        },
        {
            "name": "illuminate/support",
            "version": "dev-master",
            "source": {
                "type": "git",
                "url": "https://github.com/illuminate/support.git",
                "reference": "c120619a8a39a89363db0afa24d282e8b4c8a4f2"
            },
            "dist": {
                "type": "zip",
                "url": "https://api.github.com/repos/illuminate/support/zipball/c120619a8a39a89363db0afa24d282e8b4c8a4f2",
                "reference": "c120619a8a39a89363db0afa24d282e8b4c8a4f2",
                "shasum": ""
            },
            "require": {
                "danielstjules/stringy": "~1.8",
                "doctrine/inflector": "~1.0",
                "ext-mbstring": "*",
                "illuminate/contracts": "5.1.*",
                "php": ">=5.4.0"
            },
            "suggest": {
                "jeremeamia/superclosure": "Required to be able to serialize closures (~2.0)."
            },
            "type": "library",
            "extra": {
                "branch-alias": {
                    "dev-master": "5.1-dev"
                }
            },
            "autoload": {
                "psr-4": {
                    "Illuminate\\Support\\": ""
                },
                "files": [
                    "helpers.php"
                ]
            },
            "notification-url": "https://packagist.org/downloads/",
            "license": [
                "MIT"
            ],
            "authors": [
                {
                    "name": "Taylor Otwell",
                    "email": "taylorotwell@gmail.com"
                }
            ],
            "description": "The Illuminate Support package.",
            "homepage": "http://laravel.com",
            "time": "2015-03-11 01:28:14"
        },
        {
            "name": "laravel/socialite",
            "version": "2.0.x-dev",
            "source": {
                "type": "git",
                "url": "https://github.com/laravel/socialite.git",
                "reference": "3d5f6560f8642c4973b5e54a67b1368ee81ff24d"
            },
            "dist": {
                "type": "zip",
                "url": "https://api.github.com/repos/laravel/socialite/zipball/3d5f6560f8642c4973b5e54a67b1368ee81ff24d",
                "reference": "3d5f6560f8642c4973b5e54a67b1368ee81ff24d",
                "shasum": ""
            },
            "require": {
                "guzzlehttp/guzzle": "~4.0|~5.0",
                "illuminate/contracts": "~5.0",
                "illuminate/http": "~5.0",
                "illuminate/support": "~5.0",
                "league/oauth1-client": "~1.0",
                "php": ">=5.4.0"
            },
            "require-dev": {
                "mockery/mockery": "~0.9",
                "phpunit/phpunit": "~4.0"
            },
            "type": "library",
            "extra": {
                "branch-alias": {
                    "dev-master": "2.0-dev"
                }
            },
            "autoload": {
                "psr-4": {
                    "Laravel\\Socialite\\": "src/"
                }
            },
            "notification-url": "https://packagist.org/downloads/",
            "license": [
                "MIT"
            ],
            "authors": [
                {
                    "name": "Taylor Otwell",
                    "email": "taylorotwell@gmail.com"
                }
            ],
            "description": "Laravel wrapper around OAuth 1 & OAuth 2 libraries.",
            "keywords": [
                "laravel",
                "oauth"
            ],
            "time": "2015-03-13 02:40:10"
        },
        {
            "name": "league/oauth1-client",
            "version": "1.2.1",
            "source": {
                "type": "git",
                "url": "https://github.com/thephpleague/oauth1-client.git",
                "reference": "2bcdde3df4e59ebefd2be902102ac185ade844b7"
            },
            "dist": {
                "type": "zip",
                "url": "https://api.github.com/repos/thephpleague/oauth1-client/zipball/2bcdde3df4e59ebefd2be902102ac185ade844b7",
                "reference": "2bcdde3df4e59ebefd2be902102ac185ade844b7",
                "shasum": ""
            },
            "require": {
                "guzzle/guzzle": "3.*",
                "php": ">=5.3.0"
            },
            "require-dev": {
                "mockery/mockery": "0.7.2",
                "phpunit/phpunit": "*",
                "satooshi/php-coveralls": "dev-master"
            },
            "type": "library",
            "extra": {
                "branch-alias": {
                    "dev-master": "1.0-dev"
                }
            },
            "autoload": {
                "psr-4": {
                    "League\\OAuth1\\": "src/"
                }
            },
            "notification-url": "https://packagist.org/downloads/",
            "license": [
                "MIT"
            ],
            "authors": [
                {
                    "name": "Ben Corlett",
                    "email": "bencorlett@me.com",
                    "homepage": "http://www.webcomm.com.au",
                    "role": "Developer"
                }
            ],
            "description": "OAuth 1.0 Client Library",
            "keywords": [
                "Authentication",
                "SSO",
                "authorization",
                "bitbucket",
                "identity",
                "idp",
                "oauth",
                "oauth1",
                "single sign on",
                "trello",
                "tumblr",
                "twitter"
            ],
            "time": "2015-02-01 23:22:54"
        },
        {
            "name": "nesbot/carbon",
            "version": "1.17.0",
            "source": {
                "type": "git",
                "url": "https://github.com/briannesbitt/Carbon.git",
                "reference": "a1dd1ad9abfc8b3c4d8768068e6c71d293424e86"
            },
            "dist": {
                "type": "zip",
                "url": "https://api.github.com/repos/briannesbitt/Carbon/zipball/a1dd1ad9abfc8b3c4d8768068e6c71d293424e86",
                "reference": "a1dd1ad9abfc8b3c4d8768068e6c71d293424e86",
                "shasum": ""
            },
            "require": {
                "php": ">=5.3.0"
            },
            "require-dev": {
                "phpunit/phpunit": "~4.0"
            },
            "type": "library",
            "autoload": {
                "psr-0": {
                    "Carbon": "src"
                }
            },
            "notification-url": "https://packagist.org/downloads/",
            "license": [
                "MIT"
            ],
            "authors": [
                {
                    "name": "Brian Nesbitt",
                    "email": "brian@nesbot.com",
                    "homepage": "http://nesbot.com"
                }
            ],
            "description": "A simple API extension for DateTime.",
            "homepage": "http://carbon.nesbot.com",
            "keywords": [
                "date",
                "datetime",
                "time"
            ],
            "time": "2015-03-08 14:05:44"
        },
        {
            "name": "psr/log",
            "version": "dev-master",
            "source": {
                "type": "git",
                "url": "https://github.com/php-fig/log.git",
                "reference": "1af1529b49a6e065ae6802e70192aba35d79b7d8"
            },
            "dist": {
                "type": "zip",
                "url": "https://api.github.com/repos/php-fig/log/zipball/1af1529b49a6e065ae6802e70192aba35d79b7d8",
                "reference": "1af1529b49a6e065ae6802e70192aba35d79b7d8",
                "shasum": ""
            },
            "type": "library",
            "extra": {
                "branch-alias": {
                    "dev-master": "1.0.x-dev"
                }
            },
            "autoload": {
                "psr-0": {
                    "Psr\\Log\\": ""
                }
            },
            "notification-url": "https://packagist.org/downloads/",
            "license": [
                "MIT"
            ],
            "authors": [
                {
                    "name": "PHP-FIG",
                    "homepage": "http://www.php-fig.org/"
                }
            ],
            "description": "Common interface for logging libraries",
            "keywords": [
                "log",
                "psr",
                "psr-3"
            ],
            "time": "2015-02-05 09:32:11"
        },
        {
            "name": "react/promise",
            "version": "v2.2.0",
            "source": {
                "type": "git",
                "url": "https://github.com/reactphp/promise.git",
                "reference": "365fcee430dfa4ace1fbc75737ca60ceea7eeeef"
            },
            "dist": {
                "type": "zip",
                "url": "https://api.github.com/repos/reactphp/promise/zipball/365fcee430dfa4ace1fbc75737ca60ceea7eeeef",
                "reference": "365fcee430dfa4ace1fbc75737ca60ceea7eeeef",
                "shasum": ""
            },
            "require": {
                "php": ">=5.4.0"
            },
            "type": "library",
            "extra": {
                "branch-alias": {
                    "dev-master": "2.0-dev"
                }
            },
            "autoload": {
                "psr-4": {
                    "React\\Promise\\": "src/"
                },
                "files": [
                    "src/functions_include.php"
                ]
            },
            "notification-url": "https://packagist.org/downloads/",
            "license": [
                "MIT"
            ],
            "authors": [
                {
                    "name": "Jan Sorgalla",
                    "email": "jsorgalla@googlemail.com"
                }
            ],
            "description": "A lightweight implementation of CommonJS Promises/A for PHP",
            "time": "2014-12-30 13:32:42"
        },
        {
            "name": "socialiteproviders/linkedin",
            "version": "dev-master",
            "source": {
                "type": "git",
                "url": "https://github.com/SocialiteProviders/LinkedIn.git",
                "reference": "813cc60fc1fe23de667e9ad50d347d9358c924a9"
            },
            "dist": {
                "type": "zip",
                "url": "https://api.github.com/repos/SocialiteProviders/LinkedIn/zipball/813cc60fc1fe23de667e9ad50d347d9358c924a9",
                "reference": "813cc60fc1fe23de667e9ad50d347d9358c924a9",
                "shasum": ""
            },
            "require": {
                "php": ">=5.4.0",
                "socialiteproviders/manager": "0.1.*"
            },
            "type": "library",
            "autoload": {
                "psr-4": {
                    "SocialiteProviders\\LinkedIn\\": "src/"
                }
            },
            "notification-url": "https://packagist.org/downloads/",
            "license": [
                "MIT"
            ],
            "authors": [
                {
                    "name": "DraperStudio",
                    "email": "hello@draperstud.io"
                }
            ],
            "description": "LinkedIn OAuth2 Provider for Laravel Socialite",
            "time": "2015-03-07 10:59:41"
        },
        {
            "name": "socialiteproviders/manager",
            "version": "0.1.4",
            "source": {
                "type": "git",
                "url": "https://github.com/SocialiteProviders/Manager.git",
                "reference": "be96345692a3fc80244b90e613e70bd87dce7bc9"
            },
            "dist": {
                "type": "zip",
                "url": "https://api.github.com/repos/SocialiteProviders/Manager/zipball/be96345692a3fc80244b90e613e70bd87dce7bc9",
                "reference": "be96345692a3fc80244b90e613e70bd87dce7bc9",
                "shasum": ""
            },
            "require": {
                "illuminate/support": "~5.0",
                "laravel/socialite": "~2.0",
                "php": ">=5.4.0"
            },
            "type": "library",
            "autoload": {
                "psr-4": {
                    "SocialiteProviders\\Manager\\": "src/"
                }
            },
            "notification-url": "https://packagist.org/downloads/",
            "license": [
                "MIT"
            ],
            "authors": [
                {
                    "name": "Andy Wendt",
                    "email": "andy@awendt.com"
                }
            ],
            "description": "An easy way to extend Laravel Socialite",
            "time": "2015-02-19 16:09:34"
        },
        {
            "name": "socialiteproviders/xing",
            "version": "dev-master",
            "source": {
                "type": "git",
                "url": "https://github.com/SocialiteProviders/Xing.git",
                "reference": "fa62b4c75dd0e1f5a71fec446885a96c22fbf176"
            },
            "dist": {
                "type": "zip",
                "url": "https://api.github.com/repos/SocialiteProviders/Xing/zipball/fa62b4c75dd0e1f5a71fec446885a96c22fbf176",
                "reference": "fa62b4c75dd0e1f5a71fec446885a96c22fbf176",
                "shasum": ""
            },
            "require": {
                "php": ">=5.4.0",
                "socialiteproviders/manager": "0.1.*"
            },
            "type": "library",
            "autoload": {
                "psr-4": {
                    "SocialiteProviders\\Xing\\": "src/"
                }
            },
            "notification-url": "https://packagist.org/downloads/",
            "license": [
                "MIT"
            ],
            "authors": [
                {
                    "name": "DraperStudio",
                    "email": "hello@draperstud.io"
                }
            ],
            "description": "Xing OAuth1 Provider for Laravel Socialite",
            "time": "2015-03-07 11:01:51"
        },
        {
            "name": "symfony/debug",
            "version": "dev-master",
            "target-dir": "Symfony/Component/Debug",
            "source": {
                "type": "git",
                "url": "https://github.com/symfony/Debug.git",
                "reference": "bdf52507e0755268dc4dc210c28d586b53b930ba"
            },
            "dist": {
                "type": "zip",
                "url": "https://api.github.com/repos/symfony/Debug/zipball/bdf52507e0755268dc4dc210c28d586b53b930ba",
                "reference": "bdf52507e0755268dc4dc210c28d586b53b930ba",
                "shasum": ""
            },
            "require": {
                "php": ">=5.5.9",
                "psr/log": "~1.0"
            },
            "conflict": {
                "symfony/http-kernel": ">=2.3,<2.3.24|~2.4.0|>=2.5,<2.5.9|>=2.6,<2.6.2"
            },
            "require-dev": {
                "symfony/class-loader": "~2.7|~3.0",
                "symfony/http-foundation": "~2.7|~3.0",
                "symfony/http-kernel": "~2.7|~3.0",
                "symfony/phpunit-bridge": "~2.7|~3.0"
            },
            "suggest": {
                "symfony/http-foundation": "",
                "symfony/http-kernel": ""
            },
            "type": "library",
            "extra": {
                "branch-alias": {
                    "dev-master": "3.0-dev"
                }
            },
            "autoload": {
                "psr-0": {
                    "Symfony\\Component\\Debug\\": ""
                }
            },
            "notification-url": "https://packagist.org/downloads/",
            "license": [
                "MIT"
            ],
            "authors": [
                {
                    "name": "Symfony Community",
                    "homepage": "http://symfony.com/contributors"
                },
                {
                    "name": "Fabien Potencier",
                    "email": "fabien@symfony.com"
                }
            ],
            "description": "Symfony Debug Component",
            "homepage": "http://symfony.com",
            "time": "2015-03-13 18:00:11"
        },
        {
            "name": "symfony/event-dispatcher",
            "version": "2.7.x-dev",
            "target-dir": "Symfony/Component/EventDispatcher",
            "source": {
                "type": "git",
                "url": "https://github.com/symfony/EventDispatcher.git",
                "reference": "186349c2966529804e38685f671e64746dde220b"
            },
            "dist": {
                "type": "zip",
                "url": "https://api.github.com/repos/symfony/EventDispatcher/zipball/186349c2966529804e38685f671e64746dde220b",
                "reference": "186349c2966529804e38685f671e64746dde220b",
                "shasum": ""
            },
            "require": {
                "php": ">=5.3.9"
            },
            "require-dev": {
                "psr/log": "~1.0",
                "symfony/config": "~2.0,>=2.0.5|~3.0.0",
                "symfony/dependency-injection": "~2.6|~3.0.0",
                "symfony/expression-language": "~2.6|~3.0.0",
                "symfony/phpunit-bridge": "~2.7|~3.0.0",
                "symfony/stopwatch": "~2.3|~3.0.0"
            },
            "suggest": {
                "symfony/dependency-injection": "",
                "symfony/http-kernel": ""
            },
            "type": "library",
            "extra": {
                "branch-alias": {
                    "dev-master": "2.7-dev"
                }
            },
            "autoload": {
                "psr-0": {
                    "Symfony\\Component\\EventDispatcher\\": ""
                }
            },
            "notification-url": "https://packagist.org/downloads/",
            "license": [
                "MIT"
            ],
            "authors": [
                {
                    "name": "Symfony Community",
                    "homepage": "http://symfony.com/contributors"
                },
                {
                    "name": "Fabien Potencier",
                    "email": "fabien@symfony.com"
                }
            ],
            "description": "Symfony EventDispatcher Component",
            "homepage": "http://symfony.com",
            "time": "2015-03-13 17:50:01"
        },
        {
            "name": "symfony/finder",
            "version": "2.7.x-dev",
            "target-dir": "Symfony/Component/Finder",
            "source": {
                "type": "git",
                "url": "https://github.com/symfony/Finder.git",
                "reference": "3acf6e97aa07b61a093e5c84973103261c33e864"
            },
            "dist": {
                "type": "zip",
                "url": "https://api.github.com/repos/symfony/Finder/zipball/3acf6e97aa07b61a093e5c84973103261c33e864",
                "reference": "3acf6e97aa07b61a093e5c84973103261c33e864",
                "shasum": ""
            },
            "require": {
                "php": ">=5.3.9"
            },
            "require-dev": {
                "symfony/phpunit-bridge": "~2.7|~3.0.0"
            },
            "type": "library",
            "extra": {
                "branch-alias": {
                    "dev-master": "2.7-dev"
                }
            },
            "autoload": {
                "psr-0": {
                    "Symfony\\Component\\Finder\\": ""
                }
            },
            "notification-url": "https://packagist.org/downloads/",
            "license": [
                "MIT"
            ],
            "authors": [
                {
                    "name": "Symfony Community",
                    "homepage": "http://symfony.com/contributors"
                },
                {
                    "name": "Fabien Potencier",
                    "email": "fabien@symfony.com"
                }
            ],
            "description": "Symfony Finder Component",
            "homepage": "http://symfony.com",
            "time": "2015-03-12 14:31:07"
        },
        {
            "name": "symfony/http-foundation",
            "version": "2.7.x-dev",
            "target-dir": "Symfony/Component/HttpFoundation",
            "source": {
                "type": "git",
                "url": "https://github.com/symfony/HttpFoundation.git",
                "reference": "c13cdd2ec1876ceafac60f9c6c3df9b04d34c2a3"
            },
            "dist": {
                "type": "zip",
                "url": "https://api.github.com/repos/symfony/HttpFoundation/zipball/c13cdd2ec1876ceafac60f9c6c3df9b04d34c2a3",
                "reference": "c13cdd2ec1876ceafac60f9c6c3df9b04d34c2a3",
                "shasum": ""
            },
            "require": {
                "php": ">=5.3.9"
            },
            "require-dev": {
                "symfony/expression-language": "~2.4|~3.0.0",
                "symfony/phpunit-bridge": "~2.7|~3.0.0"
            },
            "type": "library",
            "extra": {
                "branch-alias": {
                    "dev-master": "2.7-dev"
                }
            },
            "autoload": {
                "psr-0": {
                    "Symfony\\Component\\HttpFoundation\\": ""
                },
                "classmap": [
                    "Symfony/Component/HttpFoundation/Resources/stubs"
                ]
            },
            "notification-url": "https://packagist.org/downloads/",
            "license": [
                "MIT"
            ],
            "authors": [
                {
                    "name": "Symfony Community",
                    "homepage": "http://symfony.com/contributors"
                },
                {
                    "name": "Fabien Potencier",
                    "email": "fabien@symfony.com"
                }
            ],
            "description": "Symfony HttpFoundation Component",
            "homepage": "http://symfony.com",
            "time": "2015-03-13 17:50:01"
        },
        {
            "name": "symfony/http-kernel",
            "version": "2.7.x-dev",
            "target-dir": "Symfony/Component/HttpKernel",
            "source": {
                "type": "git",
                "url": "https://github.com/symfony/HttpKernel.git",
                "reference": "78b9ad7c8a246f745a852b08d8ac0f757aadea3e"
            },
            "dist": {
                "type": "zip",
                "url": "https://api.github.com/repos/symfony/HttpKernel/zipball/78b9ad7c8a246f745a852b08d8ac0f757aadea3e",
                "reference": "78b9ad7c8a246f745a852b08d8ac0f757aadea3e",
                "shasum": ""
            },
            "require": {
                "php": ">=5.3.9",
                "psr/log": "~1.0",
                "symfony/debug": "~2.6,>=2.6.2|~3.0.0",
                "symfony/event-dispatcher": "~2.5.9|~2.6,>=2.6.2|~3.0.0",
                "symfony/http-foundation": "~2.5,>=2.5.4|~3.0.0"
            },
            "require-dev": {
                "symfony/browser-kit": "~2.3|~3.0.0",
                "symfony/class-loader": "~2.1|~3.0.0",
                "symfony/config": "~2.0,>=2.0.5|~3.0.0",
                "symfony/console": "~2.3|~3.0.0",
                "symfony/css-selector": "~2.0,>=2.0.5|~3.0.0",
                "symfony/dependency-injection": "~2.2|~3.0.0",
                "symfony/dom-crawler": "~2.0,>=2.0.5|~3.0.0",
                "symfony/expression-language": "~2.4|~3.0.0",
                "symfony/finder": "~2.0,>=2.0.5|~3.0.0",
                "symfony/phpunit-bridge": "~2.7|~3.0.0",
                "symfony/process": "~2.0,>=2.0.5|~3.0.0",
                "symfony/routing": "~2.2|~3.0.0",
                "symfony/stopwatch": "~2.3|~3.0.0",
                "symfony/templating": "~2.2|~3.0.0",
                "symfony/translation": "~2.0,>=2.0.5|~3.0.0",
                "symfony/var-dumper": "~2.6|~3.0.0"
            },
            "suggest": {
                "symfony/browser-kit": "",
                "symfony/class-loader": "",
                "symfony/config": "",
                "symfony/console": "",
                "symfony/dependency-injection": "",
                "symfony/finder": "",
                "symfony/var-dumper": ""
            },
            "type": "library",
            "extra": {
                "branch-alias": {
                    "dev-master": "2.7-dev"
                }
            },
            "autoload": {
                "psr-0": {
                    "Symfony\\Component\\HttpKernel\\": ""
                }
            },
            "notification-url": "https://packagist.org/downloads/",
            "license": [
                "MIT"
            ],
            "authors": [
                {
                    "name": "Symfony Community",
                    "homepage": "http://symfony.com/contributors"
                },
                {
                    "name": "Fabien Potencier",
                    "email": "fabien@symfony.com"
                }
            ],
            "description": "Symfony HttpKernel Component",
            "homepage": "http://symfony.com",
            "time": "2015-03-14 05:13:34"
        }
    ],
    "packages-dev": [],
    "aliases": [],
    "minimum-stability": "dev",
    "stability-flags": {
        "laravel/socialite": 20,
        "socialiteproviders/linkedin": 20,
        "socialiteproviders/xing": 20
    },
    "prefer-stable": false,
    "prefer-lowest": false,
    "platform": [],
    "platform-dev": []
}
